
Microsoft Visual Studio Solution File, Format Version 12.00
# Visual Studio Version 17
VisualStudioVersion = 17.11.35431.28
MinimumVisualStudioVersion = 10.0.40219.1
Project("{FAE04EC0-301F-11D3-BF4B-00C04F79EFBC}") = "Test", "Test.csproj", "{5BA67ACF-A63D-401F-AB03-02F9660B790B}"
EndProject
Global
	GlobalSection(SolutionConfigurationPlatforms) = preSolution
		Debug|Any CPU = Debug|Any CPU
		Release|Any CPU = Release|Any CPU
	EndGlobalSection
	GlobalSection(ProjectConfigurationPlatforms) = postSolution
		{5BA67ACF-A63D-401F-AB03-02F9660B790B}.Debug|Any CPU.ActiveCfg = Debug|Any CPU
		{5BA67ACF-A63D-401F-AB03-02F9660B790B}.Debug|Any CPU.Build.0 = Debug|Any CPU
		{5BA67ACF-A63D-401F-AB03-02F9660B790B}.Release|Any CPU.ActiveCfg = Release|Any CPU
		{5BA67ACF-A63D-401F-AB03-02F9660B790B}.Release|Any CPU.Build.0 = Release|Any CPU
	EndGlobalSection
	GlobalSection(SolutionProperties) = preSolution
		HideSolutionNode = FALSE
	EndGlobalSection
	GlobalSection(ExtensibilityGlobals) = postSolution
		SolutionGuid = {387368D7-7CF9-451A-B597-AAD4F0121241}
	EndGlobalSection
EndGlobal
